{
    "name": "@loupeteam/librarybuilderproject",
    "version": "0.2.0",
    "lockfileVersion": 3,
    "requires": true,
    "packages": {
        "": {
            "name": "@loupeteam/librarybuilderproject",
            "version": "0.2.0",
            "license": "MIT",
            "dependencies": {
                "@loupeteam/databuffer": "^0.1.1",
                "@loupeteam/librarybuilderproject": "^0.3.0"
            }
        },
        "node_modules/@loupeteam/databuffer": {
            "version": "0.1.1",
            "resolved": "https://npm.pkg.github.com/download/@loupeteam/databuffer/0.1.1/c9292b0e93ca907b56c6e181046d73dc4233b64e",
            "integrity": "sha512-kvct6fWdlagi9QYsNSkqACnHd3+WxDYZDEzRLgrvxoLfzKU2ntOlFZk7kmfgmYoK/Fo9w8tACmSpLtql/b+NGQ==",
            "license": "Loupe Software License Agreement"
        },
        "node_modules/@loupeteam/librarybuilderproject": {
            "version": "0.3.0",
            "resolved": "https://npm.pkg.github.com/download/@loupeteam/librarybuilderproject/0.3.0/9c3c1fc98350439d618573f3b465d94e3ae1e000",
            "integrity": "sha512-kUOwhpPoqQ1DikLGFBH3c8+nsb28ayX2IpQRC0UaEg34cV4GrRoI0FvkSovc3tgrGohpyvxFPRy5C6TM5wj7JA==",
            "license": "MIT"
        }
    }
}
